// !$*UTF8*$!
{
	archiveVersion = 1;
	classes = {
	};
	objectVersion = 46;
	objects = {

/* Begin PBXBuildFile section */
		DFCB99AE1B305DFB00245C2C /* main.m in Sources */ = {isa = PBXBuildFile; fileRef = DFCB99AD1B305DFB00245C2C /* main.m */; };
		DFCB99B11B305DFB00245C2C /* AppDelegate.m in Sources */ = {isa = PBXBuildFile; fileRef = DFCB99B01B305DFB00245C2C /* AppDelegate.m */; };
		DFCB99B71B305DFB00245C2C /* Main.storyboard in Resources */ = {isa = PBXBuildFile; fileRef = DFCB99B51B305DFB00245C2C /* Main.storyboard */; };
		DFCB99B91B305DFB00245C2C /* Images.xcassets in Resources */ = {isa = PBXBuildFile; fileRef = DFCB99B81B305DFB00245C2C /* Images.xcassets */; };
		DFCB99BC1B305DFB00245C2C /* LaunchScreen.xib in Resources */ = {isa = PBXBuildFile; fileRef = DFCB99BA1B305DFB00245C2C /* LaunchScreen.xib */; };
		DFCB99C81B305DFB00245C2C /* GroceryListTests.m in Sources */ = {isa = PBXBuildFile; fileRef = DFCB99C71B305DFB00245C2C /* GroceryListTests.m */; };
		DFCB99D31B30616900245C2C /* ListTableViewController.m in Sources */ = {isa = PBXBuildFile; fileRef = DFCB99D21B30616900245C2C /* ListTableViewController.m */; };
		DFCB99D61B306EB000245C2C /* GroceryItem.m in Sources */ = {isa = PBXBuildFile; fileRef = DFCB99D51B306EB000245C2C /* GroceryItem.m */; };
		DFCB99D81B3077FA00245C2C /* groceries.json in Resources */ = {isa = PBXBuildFile; fileRef = DFCB99D71B3077FA00245C2C /* groceries.json */; };
		DFCB99DB1B30810400245C2C /* GroceryItemDetailViewController.m in Sources */ = {isa = PBXBuildFile; fileRef = DFCB99DA1B30810400245C2C /* GroceryItemDetailViewController.m */; };
/* End PBXBuildFile section */

/* Begin PBXContainerItemProxy section */
		DFCB99C21B305DFB00245C2C /* PBXContainerItemProxy */ = {
			isa = PBXContainerItemProxy;
			containerPortal = DFCB99A01B305DFB00245C2C /* Project object */;
			proxyType = 1;
			remoteGlobalIDString = DFCB99A71B305DFB00245C2C;
			remoteInfo = GroceryList;
		};
/* End PBXContainerItemProxy section */

/* Begin PBXFileReference section */
		DFCB99A81B305DFB00245C2C /* GroceryList.app */ = {isa = PBXFileReference; explicitFileType = wrapper.application; includeInIndex = 0; path = GroceryList.app; sourceTree = BUILT_PRODUCTS_DIR; };
		DFCB99AC1B305DFB00245C2C /* Info.plist */ = {isa = PBXFileReference; lastKnownFileType = text.plist.xml; path = Info.plist; sourceTree = "<group>"; };
		DFCB99AD1B305DFB00245C2C /* main.m */ = {isa = PBXFileReference; lastKnownFileType = sourcecode.c.objc; path = main.m; sourceTree = "<group>"; };
		DFCB99AF1B305DFB00245C2C /* AppDelegate.h */ = {isa = PBXFileReference; lastKnownFileType = sourcecode.c.h; path = AppDelegate.h; sourceTree = "<group>"; };
		DFCB99B01B305DFB00245C2C /* AppDelegate.m */ = {isa = PBXFileReference; lastKnownFileType = sourcecode.c.objc; path = AppDelegate.m; sourceTree = "<group>"; };
		DFCB99B61B305DFB00245C2C /* Base */ = {isa = PBXFileReference; lastKnownFileType = file.storyboard; name = Base; path = Base.lproj/Main.storyboard; sourceTree = "<group>"; };
		DFCB99B81B305DFB00245C2C /* Images.xcassets */ = {isa = PBXFileReference; lastKnownFileType = folder.assetcatalog; path = Images.xcassets; sourceTree = "<group>"; };
		DFCB99BB1B305DFB00245C2C /* Base */ = {isa = PBXFileReference; lastKnownFileType = file.xib; name = Base; path = Base.lproj/LaunchScreen.xib; sourceTree = "<group>"; };
		DFCB99C11B305DFB00245C2C /* GroceryListTests.xctest */ = {isa = PBXFileReference; explicitFileType = wrapper.cfbundle; includeInIndex = 0; path = GroceryListTests.xctest; sourceTree = BUILT_PRODUCTS_DIR; };
		DFCB99C61B305DFB00245C2C /* Info.plist */ = {isa = PBXFileReference; lastKnownFileType = text.plist.xml; path = Info.plist; sourceTree = "<group>"; };
		DFCB99C71B305DFB00245C2C /* GroceryListTests.m */ = {isa = PBXFileReference; lastKnownFileType = sourcecode.c.objc; path = GroceryListTests.m; sourceTree = "<group>"; };
		DFCB99D11B30616900245C2C /* ListTableViewController.h */ = {isa = PBXFileReference; fileEncoding = 4; lastKnownFileType = sourcecode.c.h; path = ListTableViewController.h; sourceTree = "<group>"; };
		DFCB99D21B30616900245C2C /* ListTableViewController.m */ = {isa = PBXFileReference; fileEncoding = 4; lastKnownFileType = sourcecode.c.objc; path = ListTableViewController.m; sourceTree = "<group>"; };
		DFCB99D41B306EB000245C2C /* GroceryItem.h */ = {isa = PBXFileReference; fileEncoding = 4; lastKnownFileType = sourcecode.c.h; path = GroceryItem.h; sourceTree = "<group>"; };
		DFCB99D51B306EB000245C2C /* GroceryItem.m */ = {isa = PBXFileReference; fileEncoding = 4; lastKnownFileType = sourcecode.c.objc; path = GroceryItem.m; sourceTree = "<group>"; };
		DFCB99D71B3077FA00245C2C /* groceries.json */ = {isa = PBXFileReference; fileEncoding = 4; lastKnownFileType = text.json; path = groceries.json; sourceTree = "<group>"; };
		DFCB99D91B30810400245C2C /* GroceryItemDetailViewController.h */ = {isa = PBXFileReference; fileEncoding = 4; lastKnownFileType = sourcecode.c.h; path = GroceryItemDetailViewController.h; sourceTree = "<group>"; };
		DFCB99DA1B30810400245C2C /* GroceryItemDetailViewController.m */ = {isa = PBXFileReference; fileEncoding = 4; lastKnownFileType = sourcecode.c.objc; path = GroceryItemDetailViewController.m; sourceTree = "<group>"; };
/* End PBXFileReference section */

/* Begin PBXFrameworksBuildPhase section */
		DFCB99A51B305DFB00245C2C /* Frameworks */ = {
			isa = PBXFrameworksBuildPhase;
			buildActionMask = 2147483647;
			files = (
			);
			runOnlyForDeploymentPostprocessing = 0;
		};
		DFCB99BE1B305DFB00245C2C /* Frameworks */ = {
			isa = PBXFrameworksBuildPhase;
			buildActionMask = 2147483647;
			files = (
			);
			runOnlyForDeploymentPostprocessing = 0;
		};
/* End PBXFrameworksBuildPhase section */

/* Begin PBXGroup section */
		DFCB999F1B305DFB00245C2C = {
			isa = PBXGroup;
			children = (
				DFCB99AA1B305DFB00245C2C /* GroceryList */,
				DFCB99C41B305DFB00245C2C /* GroceryListTests */,
				DFCB99A91B305DFB00245C2C /* Products */,
			);
			sourceTree = "<group>";
		};
		DFCB99A91B305DFB00245C2C /* Products */ = {
			isa = PBXGroup;
			children = (
				DFCB99A81B305DFB00245C2C /* GroceryList.app */,
				DFCB99C11B305DFB00245C2C /* GroceryListTests.xctest */,
			);
			name = Products;
			sourceTree = "<group>";
		};
		DFCB99AA1B305DFB00245C2C /* GroceryList */ = {
			isa = PBXGroup;
			children = (
				DFCB99D71B3077FA00245C2C /* groceries.json */,
				DFCB99AF1B305DFB00245C2C /* AppDelegate.h */,
				DFCB99B01B305DFB00245C2C /* AppDelegate.m */,
				DFCB99D11B30616900245C2C /* ListTableViewController.h */,
				DFCB99D21B30616900245C2C /* ListTableViewController.m */,
				DFCB99D91B30810400245C2C /* GroceryItemDetailViewController.h */,
				DFCB99DA1B30810400245C2C /* GroceryItemDetailViewController.m */,
				DFCB99D41B306EB000245C2C /* GroceryItem.h */,
				DFCB99D51B306EB000245C2C /* GroceryItem.m */,
				DFCB99B51B305DFB00245C2C /* Main.storyboard */,
				DFCB99B81B305DFB00245C2C /* Images.xcassets */,
				DFCB99BA1B305DFB00245C2C /* LaunchScreen.xib */,
				DFCB99AB1B305DFB00245C2C /* Supporting Files */,
			);
			path = GroceryList;
			sourceTree = "<group>";
		};
		DFCB99AB1B305DFB00245C2C /* Supporting Files */ = {
			isa = PBXGroup;
			children = (
				DFCB99AC1B305DFB00245C2C /* Info.plist */,
				DFCB99AD1B305DFB00245C2C /* main.m */,
			);
			name = "Supporting Files";
			sourceTree = "<group>";
		};
		DFCB99C41B305DFB00245C2C /* GroceryListTests */ = {
			isa = PBXGroup;
			children = (
				DFCB99C71B305DFB00245C2C /* GroceryListTests.m */,
				DFCB99C51B305DFB00245C2C /* Supporting Files */,
			);
			path = GroceryListTests;
			sourceTree = "<group>";
		};
		DFCB99C51B305DFB00245C2C /* Supporting Files */ = {
			isa = PBXGroup;
			children = (
				DFCB99C61B305DFB00245C2C /* Info.plist */,
			);
			name = "Supporting Files";
			sourceTree = "<group>";
		};
/* End PBXGroup section */

/* Begin PBXNativeTarget section */
		DFCB99A71B305DFB00245C2C /* GroceryList */ = {
			isa = PBXNativeTarget;
			buildConfigurationList = DFCB99CB1B305DFB00245C2C /* Build configuration list for PBXNativeTarget "GroceryList" */;
			buildPhases = (
				DFCB99A41B305DFB00245C2C /* Sources */,
				DFCB99A51B305DFB00245C2C /* Frameworks */,
				DFCB99A61B305DFB00245C2C /* Resources */,
			);
			buildRules = (
			);
			dependencies = (
			);
			name = GroceryList;
			productName = GroceryList;
			productReference = DFCB99A81B305DFB00245C2C /* GroceryList.app */;
			productType = "com.apple.product-type.application";
		};
		DFCB99C01B305DFB00245C2C /* GroceryListTests */ = {
			isa = PBXNativeTarget;
			buildConfigurationList = DFCB99CE1B305DFB00245C2C /* Build configuration list for PBXNativeTarget "GroceryListTests" */;
			buildPhases = (
				DFCB99BD1B305DFB00245C2C /* Sources */,
				DFCB99BE1B305DFB00245C2C /* Frameworks */,
				DFCB99BF1B305DFB00245C2C /* Resources */,
			);
			buildRules = (
			);
			dependencies = (
				DFCB99C31B305DFB00245C2C /* PBXTargetDependency */,
			);
			name = GroceryListTests;
			productName = GroceryListTests;
			productReference = DFCB99C11B305DFB00245C2C /* GroceryListTests.xctest */;
			productType = "com.apple.product-type.bundle.unit-test";
		};
/* End PBXNativeTarget section */

/* Begin PBXProject section */
		DFCB99A01B305DFB00245C2C /* Project object */ = {
			isa = PBXProject;
			attributes = {
				LastUpgradeCheck = 0630;
				ORGANIZATIONNAME = "The Iron Yard";
				TargetAttributes = {
					DFCB99A71B305DFB00245C2C = {
						CreatedOnToolsVersion = 6.3.1;
					};
					DFCB99C01B305DFB00245C2C = {
						CreatedOnToolsVersion = 6.3.1;
						TestTargetID = DFCB99A71B305DFB00245C2C;
					};
				};
			};
			buildConfigurationList = DFCB99A31B305DFB00245C2C /* Build configuration list for PBXProject "GroceryList" */;
			compatibilityVersion = "Xcode 3.2";
			developmentRegion = English;
			hasScannedForEncodings = 0;
			knownRegions = (
				en,
				Base,
			);
			mainGroup = DFCB999F1B305DFB00245C2C;
			productRefGroup = DFCB99A91B305DFB00245C2C /* Products */;
			projectDirPath = "";
			projectRoot = "";
			targets = (
				DFCB99A71B305DFB00245C2C /* GroceryList */,
				DFCB99C01B305DFB00245C2C /* GroceryListTests */,
			);
		};
/* End PBXProject section */

/* Begin PBXResourcesBuildPhase section */
		DFCB99A61B305DFB00245C2C /* Resources */ = {
			isa = PBXResourcesBuildPhase;
			buildActionMask = 2147483647;
			files = (
				DFCB99B71B305DFB00245C2C /* Main.storyboard in Resources */,
				DFCB99D81B3077FA00245C2C /* groceries.json in Resources */,
				DFCB99BC1B305DFB00245C2C /* LaunchScreen.xib in Resources */,
				DFCB99B91B305DFB00245C2C /* Images.xcassets in Resources */,
			);
			runOnlyForDeploymentPostprocessing = 0;
		};
		DFCB99BF1B305DFB00245C2C /* Resources */ = {
			isa = PBXResourcesBuildPhase;
			buildActionMask = 2147483647;
			files = (
			);
			runOnlyForDeploymentPostprocessing = 0;
		};
/* End PBXResourcesBuildPhase section */

/* Begin PBXSourcesBuildPhase section */
		DFCB99A41B305DFB00245C2C /* Sources */ = {
			isa = PBXSourcesBuildPhase;
			buildActionMask = 2147483647;
			files = (
				DFCB99DB1B30810400245C2C /* GroceryItemDetailViewController.m in Sources */,
				DFCB99B11B305DFB00245C2C /* AppDelegate.m in Sources */,
				DFCB99AE1B305DFB00245C2C /* main.m in Sources */,
				DFCB99D61B306EB000245C2C /* GroceryItem.m in Sources */,
				DFCB99D31B30616900245C2C /* ListTableViewController.m in Sources */,
			);
			runOnlyForDeploymentPostprocessing = 0;
		};
		DFCB99BD1B305DFB00245C2C /* Sources */ = {
			isa = PBXSourcesBuildPhase;
			buildActionMask = 2147483647;
			files = (
				DFCB99C81B305DFB00245C2C /* GroceryListTests.m in Sources */,
			);
			runOnlyForDeploymentPostprocessing = 0;
		};
/* End PBXSourcesBuildPhase section */

/* Begin PBXTargetDependency section */
		DFCB99C31B305DFB00245C2C /* PBXTargetDependency */ = {
			isa = PBXTargetDependency;
			target = DFCB99A71B305DFB00245C2C /* GroceryList */;
			targetProxy = DFCB99C21B305DFB00245C2C /* PBXContainerItemProxy */;
		};
/* End PBXTargetDependency section */

/* Begin PBXVariantGroup section */
		DFCB99B51B305DFB00245C2C /* Main.storyboard */ = {
			isa = PBXVariantGroup;
			children = (
				DFCB99B61B305DFB00245C2C /* Base */,
			);
			name = Main.storyboard;
			sourceTree = "<group>";
		};
		DFCB99BA1B305DFB00245C2C /* LaunchScreen.xib */ = {
			isa = PBXVariantGroup;
			children = (
				DFCB99BB1B305DFB00245C2C /* Base */,
			);
			name = LaunchScreen.xib;
			sourceTree = "<group>";
		};
/* End PBXVariantGroup section */

/* Begin XCBuildConfiguration section */
		DFCB99C91B305DFB00245C2C /* Debug */ = {
			isa = XCBuildConfiguration;
			buildSettings = {
				ALWAYS_SEARCH_USER_PATHS = NO;
				CLANG_CXX_LANGUAGE_STANDARD = "gnu++0x";
				CLANG_CXX_LIBRARY = "libc++";
				CLANG_ENABLE_MODULES = YES;
				CLANG_ENABLE_OBJC_ARC = YES;
				CLANG_WARN_BOOL_CONVERSION = YES;
				CLANG_WARN_CONSTANT_CONVERSION = YES;
				CLANG_WARN_DIRECT_OBJC_ISA_USAGE = YES_ERROR;
				CLANG_WARN_EMPTY_BODY = YES;
				CLANG_WARN_ENUM_CONVERSION = YES;
				CLANG_WARN_INT_CONVERSION = YES;
				CLANG_WARN_OBJC_ROOT_CLASS = YES_ERROR;
				CLANG_WARN_UNREACHABLE_CODE = YES;
				CLANG_WARN__DUPLICATE_METHOD_MATCH = YES;
				"CODE_SIGN_IDENTITY[sdk=iphoneos*]" = "iPhone Developer";
				COPY_PHASE_STRIP = NO;
				DEBUG_INFORMATION_FORMAT = "dwarf-with-dsym";
				ENABLE_STRICT_OBJC_MSGSEND = YES;
				GCC_C_LANGUAGE_STANDARD = gnu99;
				GCC_DYNAMIC_NO_PIC = NO;
				GCC_NO_COMMON_BLOCKS = YES;
				GCC_OPTIMIZATION_LEVEL = 0;
				GCC_PREPROCESSOR_DEFINITIONS = (
					"DEBUG=1",
					"$(inherited)",
				);
				GCC_SYMBOLS_PRIVATE_EXTERN = NO;
				GCC_WARN_64_TO_32_BIT_CONVERSION = YES;
				GCC_WARN_ABOUT_RETURN_TYPE = YES_ERROR;
				GCC_WARN_UNDECLARED_SELECTOR = YES;
				GCC_WARN_UNINITIALIZED_AUTOS = YES_AGGRESSIVE;
				GCC_WARN_UNUSED_FUNCTION = YES;
				GCC_WARN_UNUSED_VARIABLE = YES;
				IPHONEOS_DEPLOYMENT_TARGET = 8.3;
				MTL_ENABLE_DEBUG_INFO = YES;
				ONLY_ACTIVE_ARCH = YES;
				SDKROOT = iphoneos;
			};
			name = Debug;
		};
		DFCB99CA1B305DFB00245C2C /* Release */ = {
			isa = XCBuildConfiguration;
			buildSettings = {
				ALWAYS_SEARCH_USER_PATHS = NO;
				CLANG_CXX_LANGUAGE_STANDARD = "gnu++0x";
				CLANG_CXX_LIBRARY = "libc++";
				CLANG_ENABLE_MODULES = YES;
				CLANG_ENABLE_OBJC_ARC = YES;
				CLANG_WARN_BOOL_CONVERSION = YES;
				CLANG_WARN_CONSTANT_CONVERSION = YES;
				CLANG_WARN_DIRECT_OBJC_ISA_USAGE = YES_ERROR;
				CLANG_WARN_EMPTY_BODY = YES;
				CLANG_WARN_ENUM_CONVERSION = YES;
				CLANG_WARN_INT_CONVERSION = YES;
				CLANG_WARN_OBJC_ROOT_CLASS = YES_ERROR;
				CLANG_WARN_UNREACHABLE_CODE = YES;
				CLANG_WARN__DUPLICATE_METHOD_MATCH = YES;
				"CODE_SIGN_IDENTITY[sdk=iphoneos*]" = "iPhone Developer";
				COPY_PHASE_STRIP = NO;
				DEBUG_INFORMATION_FORMAT = "dwarf-with-dsym";
				ENABLE_NS_ASSERTIONS = NO;
				ENABLE_STRICT_OBJC_MSGSEND = YES;
				GCC_C_LANGUAGE_STANDARD = gnu99;
				GCC_NO_COMMON_BLOCKS = YES;
				GCC_WARN_64_TO_32_BIT_CONVERSION = YES;
				GCC_WARN_ABOUT_RETURN_TYPE = YES_ERROR;
				GCC_WARN_UNDECLARED_SELECTOR = YES;
				GCC_WARN_UNINITIALIZED_AUTOS = YES_AGGRESSIVE;
				GCC_WARN_UNUSED_FUNCTION = YES;
				GCC_WARN_UNUSED_VARIABLE = YES;
				IPHONEOS_DEPLOYMENT_TARGET = 8.3;
				MTL_ENABLE_DEBUG_INFO = NO;
				SDKROOT = iphoneos;
				VALIDATE_PRODUCT = YES;
			};
			name = Release;
		};
		DFCB99CC1B305DFB00245C2C /* Debug */ = {
			isa = XCBuildConfiguration;
			buildSettings = {
				ASSETCATALOG_COMPILER_APPICON_NAME = AppIcon;
				INFOPLIST_FILE = GroceryList/Info.plist;
				LD_RUNPATH_SEARCH_PATHS = "$(inherited) @executable_path/Frameworks";
				PRODUCT_NAME = "$(TARGET_NAME)";
			};
			name = Debug;
		};
		DFCB99CD1B305DFB00245C2C /* Release */ = {
			isa = XCBuildConfiguration;
			buildSettings = {
				ASSETCATALOG_COMPILER_APPICON_NAME = AppIcon;
				INFOPLIST_FILE = GroceryList/Info.plist;
				LD_RUNPATH_SEARCH_PATHS = "$(inherited) @executable_path/Frameworks";
				PRODUCT_NAME = "$(TARGET_NAME)";
			};
			name = Release;
		};
		DFCB99CF1B305DFB00245C2C /* Debug */ = {
			isa = XCBuildConfiguration;
			buildSettings = {
				BUNDLE_LOADER = "$(TEST_HOST)";
				FRAMEWORK_SEARCH_PATHS = (
					"$(SDKROOT)/Developer/Library/Frameworks",
					"$(inherited)",
				);
				GCC_PREPROCESSOR_DEFINITIONS = (
					"DEBUG=1",
					"$(inherited)",
				);
				INFOPLIST_FILE = GroceryListTests/Info.plist;
				LD_RUNPATH_SEARCH_PATHS = "$(inherited) @executable_path/Frameworks @loader_path/Frameworks";
				PRODUCT_NAME = "$(TARGET_NAME)";
				TEST_HOST = "$(BUILT_PRODUCTS_DIR)/GroceryList.app/GroceryList";
			};
			name = Debug;
		};
		DFCB99D01B305DFB00245C2C /* Release */ = {
			isa = XCBuildConfiguration;
			buildSettings = {
				BUNDLE_LOADER = "$(TEST_HOST)";
				FRAMEWORK_SEARCH_PATHS = (
					"$(SDKROOT)/Developer/Library/Frameworks",
					"$(inherited)",
				);
				INFOPLIST_FILE = GroceryListTests/Info.plist;
				LD_RUNPATH_SEARCH_PATHS = "$(inherited) @executable_path/Frameworks @loader_path/Frameworks";
				PRODUCT_NAME = "$(TARGET_NAME)";
				TEST_HOST = "$(BUILT_PRODUCTS_DIR)/GroceryList.app/GroceryList";
			};
			name = Release;
		};
/* End XCBuildConfiguration section */

/* Begin XCConfigurationList section */
		DFCB99A31B305DFB00245C2C /* Build configuration list for PBXProject "GroceryList" */ = {
			isa = XCConfigurationList;
			buildConfigurations = (
				DFCB99C91B305DFB00245C2C /* Debug */,
				DFCB99CA1B305DFB00245C2C /* Release */,
			);
			defaultConfigurationIsVisible = 0;
			defaultConfigurationName = Release;
		};
		DFCB99CB1B305DFB00245C2C /* Build configuration list for PBXNativeTarget "GroceryList" */ = {
			isa = XCConfigurationList;
			buildConfigurations = (
				DFCB99CC1B305DFB00245C2C /* Debug */,
				DFCB99CD1B305DFB00245C2C /* Release */,
			);
			defaultConfigurationIsVisible = 0;
		};
		DFCB99CE1B305DFB00245C2C /* Build configuration list for PBXNativeTarget "GroceryListTests" */ = {
			isa = XCConfigurationList;
			buildConfigurations = (
				DFCB99CF1B305DFB00245C2C /* Debug */,
				DFCB99D01B305DFB00245C2C /* Release */,
			);
			defaultConfigurationIsVisible = 0;
		};
/* End XCConfigurationList section */
	};
	rootObject = DFCB99A01B305DFB00245C2C /* Project object */;
}
